// !$*UTF8*$!
{
	archiveVersion = 1;
	classes = {
	};
	objectVersion = 56;
	objects = {

/* Begin PBXBuildFile section */
		9DE4C3212B85F260006C186B /* AppDelegate.swift in Sources */ = {isa = PBXBuildFile; fileRef = 9DE4C3202B85F260006C186B /* AppDelegate.swift */; };
		9DE4C3232B85F260006C186B /* SceneDelegate.swift in Sources */ = {isa = PBXBuildFile; fileRef = 9DE4C3222B85F260006C186B /* SceneDelegate.swift */; };
		9DE4C3252B85F260006C186B /* ViewController.swift in Sources */ = {isa = PBXBuildFile; fileRef = 9DE4C3242B85F260006C186B /* ViewController.swift */; };
		9DE4C3282B85F260006C186B /* Main.storyboard in Resources */ = {isa = PBXBuildFile; fileRef = 9DE4C3262B85F260006C186B /* Main.storyboard */; };
		9DE4C32A2B85F262006C186B /* Assets.xcassets in Resources */ = {isa = PBXBuildFile; fileRef = 9DE4C3292B85F262006C186B /* Assets.xcassets */; };
		9DE4C32D2B85F262006C186B /* LaunchScreen.storyboard in Resources */ = {isa = PBXBuildFile; fileRef = 9DE4C32B2B85F262006C186B /* LaunchScreen.storyboard */; };
		9DE4C3382B85F263006C186B /* WeatherForecastTests.swift in Sources */ = {isa = PBXBuildFile; fileRef = 9DE4C3372B85F263006C186B /* WeatherForecastTests.swift */; };
		9DE4C3422B85F263006C186B /* WeatherForecastUITests.swift in Sources */ = {isa = PBXBuildFile; fileRef = 9DE4C3412B85F263006C186B /* WeatherForecastUITests.swift */; };
		9DE4C3442B85F263006C186B /* WeatherForecastUITestsLaunchTests.swift in Sources */ = {isa = PBXBuildFile; fileRef = 9DE4C3432B85F263006C186B /* WeatherForecastUITestsLaunchTests.swift */; };
		9DE4C3522B8626CF006C186B /* AppConstant.swift in Sources */ = {isa = PBXBuildFile; fileRef = 9DE4C3512B8626CE006C186B /* AppConstant.swift */; };
		9DE4C3592B86277F006C186B /* README.md in Resources */ = {isa = PBXBuildFile; fileRef = 9DE4C3582B86277F006C186B /* README.md */; };
		9DE4C35B2B8627BF006C186B /* WeatherForecastViewModel.swift in Sources */ = {isa = PBXBuildFile; fileRef = 9DE4C35A2B8627BF006C186B /* WeatherForecastViewModel.swift */; };
		9DE4C35D2B8627E3006C186B /* WeatherData.swift in Sources */ = {isa = PBXBuildFile; fileRef = 9DE4C35C2B8627E3006C186B /* WeatherData.swift */; };
		9DE4C3602B862822006C186B /* APIConstant.swift in Sources */ = {isa = PBXBuildFile; fileRef = 9DE4C35F2B862822006C186B /* APIConstant.swift */; };
		9DE4C3622B862833006C186B /* APIManager.swift in Sources */ = {isa = PBXBuildFile; fileRef = 9DE4C3612B862833006C186B /* APIManager.swift */; };
		9DE4C3652B868806006C186B /* Utility.swift in Sources */ = {isa = PBXBuildFile; fileRef = 9DE4C3642B868806006C186B /* Utility.swift */; };
		9DE4C36B2B88856A006C186B /* ProgressHUD in Frameworks */ = {isa = PBXBuildFile; productRef = 9DE4C36A2B88856A006C186B /* ProgressHUD */; };
/* End PBXBuildFile section */

/* Begin PBXContainerItemProxy section */
		9DE4C3342B85F263006C186B /* PBXContainerItemProxy */ = {
			isa = PBXContainerItemProxy;
			containerPortal = 9DE4C3152B85F260006C186B /* Project object */;
			proxyType = 1;
			remoteGlobalIDString = 9DE4C31C2B85F260006C186B;
			remoteInfo = WeatherForecast;
		};
		9DE4C33E2B85F263006C186B /* PBXContainerItemProxy */ = {
			isa = PBXContainerItemProxy;
			containerPortal = 9DE4C3152B85F260006C186B /* Project object */;
			proxyType = 1;
			remoteGlobalIDString = 9DE4C31C2B85F260006C186B;
			remoteInfo = WeatherForecast;
		};
/* End PBXContainerItemProxy section */

/* Begin PBXFileReference section */
		9DE4C31D2B85F260006C186B /* WeatherForecast.app */ = {isa = PBXFileReference; explicitFileType = wrapper.application; includeInIndex = 0; path = WeatherForecast.app; sourceTree = BUILT_PRODUCTS_DIR; };
		9DE4C3202B85F260006C186B /* AppDelegate.swift */ = {isa = PBXFileReference; lastKnownFileType = sourcecode.swift; path = AppDelegate.swift; sourceTree = "<group>"; };
		9DE4C3222B85F260006C186B /* SceneDelegate.swift */ = {isa = PBXFileReference; lastKnownFileType = sourcecode.swift; path = SceneDelegate.swift; sourceTree = "<group>"; };
		9DE4C3242B85F260006C186B /* ViewController.swift */ = {isa = PBXFileReference; lastKnownFileType = sourcecode.swift; path = ViewController.swift; sourceTree = "<group>"; };
		9DE4C3272B85F260006C186B /* Base */ = {isa = PBXFileReference; lastKnownFileType = file.storyboard; name = Base; path = Base.lproj/Main.storyboard; sourceTree = "<group>"; };
		9DE4C3292B85F262006C186B /* Assets.xcassets */ = {isa = PBXFileReference; lastKnownFileType = folder.assetcatalog; path = Assets.xcassets; sourceTree = "<group>"; };
		9DE4C32C2B85F262006C186B /* Base */ = {isa = PBXFileReference; lastKnownFileType = file.storyboard; name = Base; path = Base.lproj/LaunchScreen.storyboard; sourceTree = "<group>"; };
		9DE4C32E2B85F262006C186B /* Info.plist */ = {isa = PBXFileReference; lastKnownFileType = text.plist.xml; path = Info.plist; sourceTree = "<group>"; };
		9DE4C3332B85F263006C186B /* WeatherForecastTests.xctest */ = {isa = PBXFileReference; explicitFileType = wrapper.cfbundle; includeInIndex = 0; path = WeatherForecastTests.xctest; sourceTree = BUILT_PRODUCTS_DIR; };
		9DE4C3372B85F263006C186B /* WeatherForecastTests.swift */ = {isa = PBXFileReference; lastKnownFileType = sourcecode.swift; path = WeatherForecastTests.swift; sourceTree = "<group>"; };
		9DE4C33D2B85F263006C186B /* WeatherForecastUITests.xctest */ = {isa = PBXFileReference; explicitFileType = wrapper.cfbundle; includeInIndex = 0; path = WeatherForecastUITests.xctest; sourceTree = BUILT_PRODUCTS_DIR; };
		9DE4C3412B85F263006C186B /* WeatherForecastUITests.swift */ = {isa = PBXFileReference; lastKnownFileType = sourcecode.swift; path = WeatherForecastUITests.swift; sourceTree = "<group>"; };
		9DE4C3432B85F263006C186B /* WeatherForecastUITestsLaunchTests.swift */ = {isa = PBXFileReference; lastKnownFileType = sourcecode.swift; path = WeatherForecastUITestsLaunchTests.swift; sourceTree = "<group>"; };
		9DE4C3512B8626CE006C186B /* AppConstant.swift */ = {isa = PBXFileReference; lastKnownFileType = sourcecode.swift; path = AppConstant.swift; sourceTree = "<group>"; };
		9DE4C3582B86277F006C186B /* README.md */ = {isa = PBXFileReference; fileEncoding = 4; lastKnownFileType = net.daringfireball.markdown; path = README.md; sourceTree = SOURCE_ROOT; };
		9DE4C35A2B8627BF006C186B /* WeatherForecastViewModel.swift */ = {isa = PBXFileReference; lastKnownFileType = sourcecode.swift; path = WeatherForecastViewModel.swift; sourceTree = "<group>"; };
		9DE4C35C2B8627E3006C186B /* WeatherData.swift */ = {isa = PBXFileReference; lastKnownFileType = sourcecode.swift; path = WeatherData.swift; sourceTree = "<group>"; };
		9DE4C35F2B862822006C186B /* APIConstant.swift */ = {isa = PBXFileReference; lastKnownFileType = sourcecode.swift; path = APIConstant.swift; sourceTree = "<group>"; };
		9DE4C3612B862833006C186B /* APIManager.swift */ = {isa = PBXFileReference; lastKnownFileType = sourcecode.swift; path = APIManager.swift; sourceTree = "<group>"; };
		9DE4C3642B868806006C186B /* Utility.swift */ = {isa = PBXFileReference; lastKnownFileType = sourcecode.swift; path = Utility.swift; sourceTree = "<group>"; };
/* End PBXFileReference section */

/* Begin PBXFrameworksBuildPhase section */
		9DE4C31A2B85F260006C186B /* Frameworks */ = {
			isa = PBXFrameworksBuildPhase;
			buildActionMask = 2147483647;
			files = (
				9DE4C36B2B88856A006C186B /* ProgressHUD in Frameworks */,
			);
			runOnlyForDeploymentPostprocessing = 0;
		};
		9DE4C3302B85F263006C186B /* Frameworks */ = {
			isa = PBXFrameworksBuildPhase;
			buildActionMask = 2147483647;
			files = (
			);
			runOnlyForDeploymentPostprocessing = 0;
		};
		9DE4C33A2B85F263006C186B /* Frameworks */ = {
			isa = PBXFrameworksBuildPhase;
			buildActionMask = 2147483647;
			files = (
			);
			runOnlyForDeploymentPostprocessing = 0;
		};
/* End PBXFrameworksBuildPhase section */

/* Begin PBXGroup section */
		9DE4C3142B85F260006C186B = {
			isa = PBXGroup;
			children = (
				9DE4C31F2B85F260006C186B /* WeatherForecast */,
				9DE4C3362B85F263006C186B /* WeatherForecastTests */,
				9DE4C3402B85F263006C186B /* WeatherForecastUITests */,
				9DE4C31E2B85F260006C186B /* Products */,
			);
			sourceTree = "<group>";
		};
		9DE4C31E2B85F260006C186B /* Products */ = {
			isa = PBXGroup;
			children = (
				9DE4C31D2B85F260006C186B /* WeatherForecast.app */,
				9DE4C3332B85F263006C186B /* WeatherForecastTests.xctest */,
				9DE4C33D2B85F263006C186B /* WeatherForecastUITests.xctest */,
			);
			name = Products;
			sourceTree = "<group>";
		};
		9DE4C31F2B85F260006C186B /* WeatherForecast */ = {
			isa = PBXGroup;
			children = (
				9DE4C3632B8687EC006C186B /* Helper */,
				9DE4C3502B8626B8006C186B /* Constant */,
				9DE4C3532B8626FD006C186B /* Model */,
				9DE4C3542B862707006C186B /* ViewModel */,
				9DE4C3552B862713006C186B /* Controller */,
				9DE4C35E2B8627F2006C186B /* APIManager */,
				9DE4C3562B86271B006C186B /* View */,
				9DE4C3572B862722006C186B /* Storyboard */,
				9DE4C3202B85F260006C186B /* AppDelegate.swift */,
				9DE4C3222B85F260006C186B /* SceneDelegate.swift */,
				9DE4C3292B85F262006C186B /* Assets.xcassets */,
				9DE4C32B2B85F262006C186B /* LaunchScreen.storyboard */,
				9DE4C32E2B85F262006C186B /* Info.plist */,
			);
			path = WeatherForecast;
			sourceTree = "<group>";
		};
		9DE4C3362B85F263006C186B /* WeatherForecastTests */ = {
			isa = PBXGroup;
			children = (
				9DE4C3372B85F263006C186B /* WeatherForecastTests.swift */,
			);
			path = WeatherForecastTests;
			sourceTree = "<group>";
		};
		9DE4C3402B85F263006C186B /* WeatherForecastUITests */ = {
			isa = PBXGroup;
			children = (
				9DE4C3412B85F263006C186B /* WeatherForecastUITests.swift */,
				9DE4C3432B85F263006C186B /* WeatherForecastUITestsLaunchTests.swift */,
				9DE4C3582B86277F006C186B /* README.md */,
			);
			path = WeatherForecastUITests;
			sourceTree = "<group>";
		};
		9DE4C3502B8626B8006C186B /* Constant */ = {
			isa = PBXGroup;
			children = (
				9DE4C3512B8626CE006C186B /* AppConstant.swift */,
			);
			path = Constant;
			sourceTree = "<group>";
		};
		9DE4C3532B8626FD006C186B /* Model */ = {
			isa = PBXGroup;
			children = (
				9DE4C35C2B8627E3006C186B /* WeatherData.swift */,
			);
			path = Model;
			sourceTree = "<group>";
		};
		9DE4C3542B862707006C186B /* ViewModel */ = {
			isa = PBXGroup;
			children = (
				9DE4C35A2B8627BF006C186B /* WeatherForecastViewModel.swift */,
			);
			path = ViewModel;
			sourceTree = "<group>";
		};
		9DE4C3552B862713006C186B /* Controller */ = {
			isa = PBXGroup;
			children = (
				9DE4C3242B85F260006C186B /* ViewController.swift */,
			);
			path = Controller;
			sourceTree = "<group>";
		};
		9DE4C3562B86271B006C186B /* View */ = {
			isa = PBXGroup;
			children = (
			);
			path = View;
			sourceTree = "<group>";
		};
		9DE4C3572B862722006C186B /* Storyboard */ = {
			isa = PBXGroup;
			children = (
				9DE4C3262B85F260006C186B /* Main.storyboard */,
			);
			path = Storyboard;
			sourceTree = "<group>";
		};
		9DE4C35E2B8627F2006C186B /* APIManager */ = {
			isa = PBXGroup;
			children = (
				9DE4C35F2B862822006C186B /* APIConstant.swift */,
				9DE4C3612B862833006C186B /* APIManager.swift */,
			);
			path = APIManager;
			sourceTree = "<group>";
		};
		9DE4C3632B8687EC006C186B /* Helper */ = {
			isa = PBXGroup;
			children = (
				9DE4C3642B868806006C186B /* Utility.swift */,
			);
			path = Helper;
			sourceTree = "<group>";
		};
/* End PBXGroup section */

/* Begin PBXNativeTarget section */
		9DE4C31C2B85F260006C186B /* WeatherForecast */ = {
			isa = PBXNativeTarget;
			buildConfigurationList = 9DE4C3472B85F263006C186B /* Build configuration list for PBXNativeTarget "WeatherForecast" */;
			buildPhases = (
				9DE4C3192B85F260006C186B /* Sources */,
				9DE4C31A2B85F260006C186B /* Frameworks */,
				9DE4C31B2B85F260006C186B /* Resources */,
			);
			buildRules = (
			);
			dependencies = (
			);
			name = WeatherForecast;
			packageProductDependencies = (
				9DE4C36A2B88856A006C186B /* ProgressHUD */,
			);
			productName = WeatherForecast;
			productReference = 9DE4C31D2B85F260006C186B /* WeatherForecast.app */;
			productType = "com.apple.product-type.application";
		};
		9DE4C3322B85F263006C186B /* WeatherForecastTests */ = {
			isa = PBXNativeTarget;
			buildConfigurationList = 9DE4C34A2B85F263006C186B /* Build configuration list for PBXNativeTarget "WeatherForecastTests" */;
			buildPhases = (
				9DE4C32F2B85F263006C186B /* Sources */,
				9DE4C3302B85F263006C186B /* Frameworks */,
				9DE4C3312B85F263006C186B /* Resources */,
			);
			buildRules = (
			);
			dependencies = (
				9DE4C3352B85F263006C186B /* PBXTargetDependency */,
			);
			name = WeatherForecastTests;
			productName = WeatherForecastTests;
			productReference = 9DE4C3332B85F263006C186B /* WeatherForecastTests.xctest */;
			productType = "com.apple.product-type.bundle.unit-test";
		};
		9DE4C33C2B85F263006C186B /* WeatherForecastUITests */ = {
			isa = PBXNativeTarget;
			buildConfigurationList = 9DE4C34D2B85F263006C186B /* Build configuration list for PBXNativeTarget "WeatherForecastUITests" */;
			buildPhases = (
				9DE4C3392B85F263006C186B /* Sources */,
				9DE4C33A2B85F263006C186B /* Frameworks */,
				9DE4C33B2B85F263006C186B /* Resources */,
			);
			buildRules = (
			);
			dependencies = (
				9DE4C33F2B85F263006C186B /* PBXTargetDependency */,
			);
			name = WeatherForecastUITests;
			productName = WeatherForecastUITests;
			productReference = 9DE4C33D2B85F263006C186B /* WeatherForecastUITests.xctest */;
			productType = "com.apple.product-type.bundle.ui-testing";
		};
/* End PBXNativeTarget section */

/* Begin PBXProject section */
		9DE4C3152B85F260006C186B /* Project object */ = {
			isa = PBXProject;
			attributes = {
				BuildIndependentTargetsInParallel = 1;
				LastSwiftUpdateCheck = 1520;
				LastUpgradeCheck = 1520;
				TargetAttributes = {
					9DE4C31C2B85F260006C186B = {
						CreatedOnToolsVersion = 15.2;
					};
					9DE4C3322B85F263006C186B = {
						CreatedOnToolsVersion = 15.2;
						TestTargetID = 9DE4C31C2B85F260006C186B;
					};
					9DE4C33C2B85F263006C186B = {
						CreatedOnToolsVersion = 15.2;
						TestTargetID = 9DE4C31C2B85F260006C186B;
					};
				};
			};
			buildConfigurationList = 9DE4C3182B85F260006C186B /* Build configuration list for PBXProject "WeatherForecast" */;
			compatibilityVersion = "Xcode 14.0";
			developmentRegion = en;
			hasScannedForEncodings = 0;
			knownRegions = (
				en,
				Base,
			);
			mainGroup = 9DE4C3142B85F260006C186B;
			packageReferences = (
				9DE4C3692B88856A006C186B /* XCRemoteSwiftPackageReference "ProgressHUD" */,
			);
			productRefGroup = 9DE4C31E2B85F260006C186B /* Products */;
			projectDirPath = "";
			projectRoot = "";
			targets = (
				9DE4C31C2B85F260006C186B /* WeatherForecast */,
				9DE4C3322B85F263006C186B /* WeatherForecastTests */,
				9DE4C33C2B85F263006C186B /* WeatherForecastUITests */,
			);
		};
/* End PBXProject section */

/* Begin PBXResourcesBuildPhase section */
		9DE4C31B2B85F260006C186B /* Resources */ = {
			isa = PBXResourcesBuildPhase;
			buildActionMask = 2147483647;
			files = (
				9DE4C32D2B85F262006C186B /* LaunchScreen.storyboard in Resources */,
				9DE4C32A2B85F262006C186B /* Assets.xcassets in Resources */,
				9DE4C3282B85F260006C186B /* Main.storyboard in Resources */,
			);
			runOnlyForDeploymentPostprocessing = 0;
		};
		9DE4C3312B85F263006C186B /* Resources */ = {
			isa = PBXResourcesBuildPhase;
			buildActionMask = 2147483647;
			files = (
			);
			runOnlyForDeploymentPostprocessing = 0;
		};
		9DE4C33B2B85F263006C186B /* Resources */ = {
			isa = PBXResourcesBuildPhase;
			buildActionMask = 2147483647;
			files = (
				9DE4C3592B86277F006C186B /* README.md in Resources */,
			);
			runOnlyForDeploymentPostprocessing = 0;
		};
/* End PBXResourcesBuildPhase section */

/* Begin PBXSourcesBuildPhase section */
		9DE4C3192B85F260006C186B /* Sources */ = {
			isa = PBXSourcesBuildPhase;
			buildActionMask = 2147483647;
			files = (
				9DE4C3622B862833006C186B /* APIManager.swift in Sources */,
				9DE4C3252B85F260006C186B /* ViewController.swift in Sources */,
				9DE4C3652B868806006C186B /* Utility.swift in Sources */,
				9DE4C35B2B8627BF006C186B /* WeatherForecastViewModel.swift in Sources */,
				9DE4C3212B85F260006C186B /* AppDelegate.swift in Sources */,
				9DE4C3232B85F260006C186B /* SceneDelegate.swift in Sources */,
				9DE4C35D2B8627E3006C186B /* WeatherData.swift in Sources */,
				9DE4C3602B862822006C186B /* APIConstant.swift in Sources */,
				9DE4C3522B8626CF006C186B /* AppConstant.swift in Sources */,
			);
			runOnlyForDeploymentPostprocessing = 0;
		};
		9DE4C32F2B85F263006C186B /* Sources */ = {
			isa = PBXSourcesBuildPhase;
			buildActionMask = 2147483647;
			files = (
				9DE4C3382B85F263006C186B /* WeatherForecastTests.swift in Sources */,
			);
			runOnlyForDeploymentPostprocessing = 0;
		};
		9DE4C3392B85F263006C186B /* Sources */ = {
			isa = PBXSourcesBuildPhase;
			buildActionMask = 2147483647;
			files = (
				9DE4C3442B85F263006C186B /* WeatherForecastUITestsLaunchTests.swift in Sources */,
				9DE4C3422B85F263006C186B /* WeatherForecastUITests.swift in Sources */,
			);
			runOnlyForDeploymentPostprocessing = 0;
		};
/* End PBXSourcesBuildPhase section */

/* Begin PBXTargetDependency section */
		9DE4C3352B85F263006C186B /* PBXTargetDependency */ = {
			isa = PBXTargetDependency;
			target = 9DE4C31C2B85F260006C186B /* WeatherForecast */;
			targetProxy = 9DE4C3342B85F263006C186B /* PBXContainerItemProxy */;
		};
		9DE4C33F2B85F263006C186B /* PBXTargetDependency */ = {
			isa = PBXTargetDependency;
			target = 9DE4C31C2B85F260006C186B /* WeatherForecast */;
			targetProxy = 9DE4C33E2B85F263006C186B /* PBXContainerItemProxy */;
		};
/* End PBXTargetDependency section */

/* Begin PBXVariantGroup section */
		9DE4C3262B85F260006C186B /* Main.storyboard */ = {
			isa = PBXVariantGroup;
			children = (
				9DE4C3272B85F260006C186B /* Base */,
			);
			name = Main.storyboard;
			sourceTree = "<group>";
		};
		9DE4C32B2B85F262006C186B /* LaunchScreen.storyboard */ = {
			isa = PBXVariantGroup;
			children = (
				9DE4C32C2B85F262006C186B /* Base */,
			);
			name = LaunchScreen.storyboard;
			sourceTree = "<group>";
		};
/* End PBXVariantGroup section */

/* Begin XCBuildConfiguration section */
		9DE4C3452B85F263006C186B /* Debug */ = {
			isa = XCBuildConfiguration;
			buildSettings = {
				ALWAYS_SEARCH_USER_PATHS = NO;
				ASSETCATALOG_COMPILER_GENERATE_SWIFT_ASSET_SYMBOL_EXTENSIONS = YES;
				CLANG_ANALYZER_NONNULL = YES;
				CLANG_ANALYZER_NUMBER_OBJECT_CONVERSION = YES_AGGRESSIVE;
				CLANG_CXX_LANGUAGE_STANDARD = "gnu++20";
				CLANG_ENABLE_MODULES = YES;
				CLANG_ENABLE_OBJC_ARC = YES;
				CLANG_ENABLE_OBJC_WEAK = YES;
				CLANG_WARN_BLOCK_CAPTURE_AUTORELEASING = YES;
				CLANG_WARN_BOOL_CONVERSION = YES;
				CLANG_WARN_COMMA = YES;
				CLANG_WARN_CONSTANT_CONVERSION = YES;
				CLANG_WARN_DEPRECATED_OBJC_IMPLEMENTATIONS = YES;
				CLANG_WARN_DIRECT_OBJC_ISA_USAGE = YES_ERROR;
				CLANG_WARN_DOCUMENTATION_COMMENTS = YES;
				CLANG_WARN_EMPTY_BODY = YES;
				CLANG_WARN_ENUM_CONVERSION = YES;
				CLANG_WARN_INFINITE_RECURSION = YES;
				CLANG_WARN_INT_CONVERSION = YES;
				CLANG_WARN_NON_LITERAL_NULL_CONVERSION = YES;
				CLANG_WARN_OBJC_IMPLICIT_RETAIN_SELF = YES;
				CLANG_WARN_OBJC_LITERAL_CONVERSION = YES;
				CLANG_WARN_OBJC_ROOT_CLASS = YES_ERROR;
				CLANG_WARN_QUOTED_INCLUDE_IN_FRAMEWORK_HEADER = YES;
				CLANG_WARN_RANGE_LOOP_ANALYSIS = YES;
				CLANG_WARN_STRICT_PROTOTYPES = YES;
				CLANG_WARN_SUSPICIOUS_MOVE = YES;
				CLANG_WARN_UNGUARDED_AVAILABILITY = YES_AGGRESSIVE;
				CLANG_WARN_UNREACHABLE_CODE = YES;
				CLANG_WARN__DUPLICATE_METHOD_MATCH = YES;
				COPY_PHASE_STRIP = NO;
				DEBUG_INFORMATION_FORMAT = dwarf;
				ENABLE_STRICT_OBJC_MSGSEND = YES;
				ENABLE_TESTABILITY = YES;
				ENABLE_USER_SCRIPT_SANDBOXING = YES;
				GCC_C_LANGUAGE_STANDARD = gnu17;
				GCC_DYNAMIC_NO_PIC = NO;
				GCC_NO_COMMON_BLOCKS = YES;
				GCC_OPTIMIZATION_LEVEL = 0;
				GCC_PREPROCESSOR_DEFINITIONS = (
					"DEBUG=1",
					"$(inherited)",
				);
				GCC_WARN_64_TO_32_BIT_CONVERSION = YES;
				GCC_WARN_ABOUT_RETURN_TYPE = YES_ERROR;
				GCC_WARN_UNDECLARED_SELECTOR = YES;
				GCC_WARN_UNINITIALIZED_AUTOS = YES_AGGRESSIVE;
				GCC_WARN_UNUSED_FUNCTION = YES;
				GCC_WARN_UNUSED_VARIABLE = YES;
				IPHONEOS_DEPLOYMENT_TARGET = 17.2;
				LOCALIZATION_PREFERS_STRING_CATALOGS = YES;
				MTL_ENABLE_DEBUG_INFO = INCLUDE_SOURCE;
				MTL_FAST_MATH = YES;
				ONLY_ACTIVE_ARCH = YES;
				SDKROOT = iphoneos;
				SWIFT_ACTIVE_COMPILATION_CONDITIONS = "DEBUG $(inherited)";
				SWIFT_OPTIMIZATION_LEVEL = "-Onone";
			};
			name = Debug;
		};
		9DE4C3462B85F263006C186B /* Release */ = {
			isa = XCBuildConfiguration;
			buildSettings = {
				ALWAYS_SEARCH_USER_PATHS = NO;
				ASSETCATALOG_COMPILER_GENERATE_SWIFT_ASSET_SYMBOL_EXTENSIONS = YES;
				CLANG_ANALYZER_NONNULL = YES;
				CLANG_ANALYZER_NUMBER_OBJECT_CONVERSION = YES_AGGRESSIVE;
				CLANG_CXX_LANGUAGE_STANDARD = "gnu++20";
				CLANG_ENABLE_MODULES = YES;
				CLANG_ENABLE_OBJC_ARC = YES;
				CLANG_ENABLE_OBJC_WEAK = YES;
				CLANG_WARN_BLOCK_CAPTURE_AUTORELEASING = YES;
				CLANG_WARN_BOOL_CONVERSION = YES;
				CLANG_WARN_COMMA = YES;
				CLANG_WARN_CONSTANT_CONVERSION = YES;
				CLANG_WARN_DEPRECATED_OBJC_IMPLEMENTATIONS = YES;
				CLANG_WARN_DIRECT_OBJC_ISA_USAGE = YES_ERROR;
				CLANG_WARN_DOCUMENTATION_COMMENTS = YES;
				CLANG_WARN_EMPTY_BODY = YES;
				CLANG_WARN_ENUM_CONVERSION = YES;
				CLANG_WARN_INFINITE_RECURSION = YES;
				CLANG_WARN_INT_CONVERSION = YES;
				CLANG_WARN_NON_LITERAL_NULL_CONVERSION = YES;
				CLANG_WARN_OBJC_IMPLICIT_RETAIN_SELF = YES;
				CLANG_WARN_OBJC_LITERAL_CONVERSION = YES;
				CLANG_WARN_OBJC_ROOT_CLASS = YES_ERROR;
				CLANG_WARN_QUOTED_INCLUDE_IN_FRAMEWORK_HEADER = YES;
				CLANG_WARN_RANGE_LOOP_ANALYSIS = YES;
				CLANG_WARN_STRICT_PROTOTYPES = YES;
				CLANG_WARN_SUSPICIOUS_MOVE = YES;
				CLANG_WARN_UNGUARDED_AVAILABILITY = YES_AGGRESSIVE;
				CLANG_WARN_UNREACHABLE_CODE = YES;
				CLANG_WARN__DUPLICATE_METHOD_MATCH = YES;
				COPY_PHASE_STRIP = NO;
				DEBUG_INFORMATION_FORMAT = "dwarf-with-dsym";
				ENABLE_NS_ASSERTIONS = NO;
				ENABLE_STRICT_OBJC_MSGSEND = YES;
				ENABLE_USER_SCRIPT_SANDBOXING = YES;
				GCC_C_LANGUAGE_STANDARD = gnu17;
				GCC_NO_COMMON_BLOCKS = YES;
				GCC_WARN_64_TO_32_BIT_CONVERSION = YES;
				GCC_WARN_ABOUT_RETURN_TYPE = YES_ERROR;
				GCC_WARN_UNDECLARED_SELECTOR = YES;
				GCC_WARN_UNINITIALIZED_AUTOS = YES_AGGRESSIVE;
				GCC_WARN_UNUSED_FUNCTION = YES;
				GCC_WARN_UNUSED_VARIABLE = YES;
				IPHONEOS_DEPLOYMENT_TARGET = 17.2;
				LOCALIZATION_PREFERS_STRING_CATALOGS = YES;
				MTL_ENABLE_DEBUG_INFO = NO;
				MTL_FAST_MATH = YES;
				SDKROOT = iphoneos;
				SWIFT_COMPILATION_MODE = wholemodule;
				VALIDATE_PRODUCT = YES;
			};
			name = Release;
		};
		9DE4C3482B85F263006C186B /* Debug */ = {
			isa = XCBuildConfiguration;
			buildSettings = {
				ASSETCATALOG_COMPILER_APPICON_NAME = AppIcon;
				ASSETCATALOG_COMPILER_GLOBAL_ACCENT_COLOR_NAME = AccentColor;
				CODE_SIGN_STYLE = Automatic;
				CURRENT_PROJECT_VERSION = 1;
				GENERATE_INFOPLIST_FILE = YES;
				INFOPLIST_FILE = WeatherForecast/Info.plist;
				INFOPLIST_KEY_UIApplicationSupportsIndirectInputEvents = YES;
				INFOPLIST_KEY_UILaunchStoryboardName = LaunchScreen;
				INFOPLIST_KEY_UIMainStoryboardFile = Main;
				INFOPLIST_KEY_UISupportedInterfaceOrientations_iPad = "UIInterfaceOrientationPortrait UIInterfaceOrientationPortraitUpsideDown UIInterfaceOrientationLandscapeLeft UIInterfaceOrientationLandscapeRight";
				INFOPLIST_KEY_UISupportedInterfaceOrientations_iPhone = "UIInterfaceOrientationPortrait UIInterfaceOrientationLandscapeLeft UIInterfaceOrientationLandscapeRight";
				LD_RUNPATH_SEARCH_PATHS = (
					"$(inherited)",
					"@executable_path/Frameworks",
				);
				MARKETING_VERSION = 1.0;
				PRODUCT_BUNDLE_IDENTIFIER = za.co.nedBank.KidsBankingModule.WeatherForecast;
				PRODUCT_NAME = "$(TARGET_NAME)";
				SWIFT_EMIT_LOC_STRINGS = YES;
				SWIFT_VERSION = 5.0;
				TARGETED_DEVICE_FAMILY = "1,2";
			};
			name = Debug;
		};
		9DE4C3492B85F263006C186B /* Release */ = {
			isa = XCBuildConfiguration;
			buildSettings = {
				ASSETCATALOG_COMPILER_APPICON_NAME = AppIcon;
				ASSETCATALOG_COMPILER_GLOBAL_ACCENT_COLOR_NAME = AccentColor;
				CODE_SIGN_STYLE = Automatic;
				CURRENT_PROJECT_VERSION = 1;
				GENERATE_INFOPLIST_FILE = YES;
				INFOPLIST_FILE = WeatherForecast/Info.plist;
				INFOPLIST_KEY_UIApplicationSupportsIndirectInputEvents = YES;
				INFOPLIST_KEY_UILaunchStoryboardName = LaunchScreen;
				INFOPLIST_KEY_UIMainStoryboardFile = Main;
				INFOPLIST_KEY_UISupportedInterfaceOrientations_iPad = "UIInterfaceOrientationPortrait UIInterfaceOrientationPortraitUpsideDown UIInterfaceOrientationLandscapeLeft UIInterfaceOrientationLandscapeRight";
				INFOPLIST_KEY_UISupportedInterfaceOrientations_iPhone = "UIInterfaceOrientationPortrait UIInterfaceOrientationLandscapeLeft UIInterfaceOrientationLandscapeRight";
				LD_RUNPATH_SEARCH_PATHS = (
					"$(inherited)",
					"@executable_path/Frameworks",
				);
				MARKETING_VERSION = 1.0;
				PRODUCT_BUNDLE_IDENTIFIER = za.co.nedBank.KidsBankingModule.WeatherForecast;
				PRODUCT_NAME = "$(TARGET_NAME)";
				SWIFT_EMIT_LOC_STRINGS = YES;
				SWIFT_VERSION = 5.0;
				TARGETED_DEVICE_FAMILY = "1,2";
			};
			name = Release;
		};
		9DE4C34B2B85F263006C186B /* Debug */ = {
			isa = XCBuildConfiguration;
			buildSettings = {
				ALWAYS_EMBED_SWIFT_STANDARD_LIBRARIES = YES;
				BUNDLE_LOADER = "$(TEST_HOST)";
				CODE_SIGN_STYLE = Automatic;
				CURRENT_PROJECT_VERSION = 1;
				GENERATE_INFOPLIST_FILE = YES;
				IPHONEOS_DEPLOYMENT_TARGET = 17.2;
				MARKETING_VERSION = 1.0;
				PRODUCT_BUNDLE_IDENTIFIER = za.co.nedBank.KidsBankingModule.WeatherForecastTests;
				PRODUCT_NAME = "$(TARGET_NAME)";
				SWIFT_EMIT_LOC_STRINGS = NO;
				SWIFT_VERSION = 5.0;
				TARGETED_DEVICE_FAMILY = "1,2";
				TEST_HOST = "$(BUILT_PRODUCTS_DIR)/WeatherForecast.app/$(BUNDLE_EXECUTABLE_FOLDER_PATH)/WeatherForecast";
			};
			name = Debug;
		};
		9DE4C34C2B85F263006C186B /* Release */ = {
			isa = XCBuildConfiguration;
			buildSettings = {
				ALWAYS_EMBED_SWIFT_STANDARD_LIBRARIES = YES;
				BUNDLE_LOADER = "$(TEST_HOST)";
				CODE_SIGN_STYLE = Automatic;
				CURRENT_PROJECT_VERSION = 1;
				GENERATE_INFOPLIST_FILE = YES;
				IPHONEOS_DEPLOYMENT_TARGET = 17.2;
				MARKETING_VERSION = 1.0;
				PRODUCT_BUNDLE_IDENTIFIER = za.co.nedBank.KidsBankingModule.WeatherForecastTests;
				PRODUCT_NAME = "$(TARGET_NAME)";
				SWIFT_EMIT_LOC_STRINGS = NO;
				SWIFT_VERSION = 5.0;
				TARGETED_DEVICE_FAMILY = "1,2";
				TEST_HOST = "$(BUILT_PRODUCTS_DIR)/WeatherForecast.app/$(BUNDLE_EXECUTABLE_FOLDER_PATH)/WeatherForecast";
			};
			name = Release;
		};
		9DE4C34E2B85F263006C186B /* Debug */ = {
			isa = XCBuildConfiguration;
			buildSettings = {
				ALWAYS_EMBED_SWIFT_STANDARD_LIBRARIES = YES;
				CODE_SIGN_STYLE = Automatic;
				CURRENT_PROJECT_VERSION = 1;
				GENERATE_INFOPLIST_FILE = YES;
				MARKETING_VERSION = 1.0;
				PRODUCT_BUNDLE_IDENTIFIER = za.co.nedBank.KidsBankingModule.WeatherForecastUITests;
				PRODUCT_NAME = "$(TARGET_NAME)";
				SWIFT_EMIT_LOC_STRINGS = NO;
				SWIFT_VERSION = 5.0;
				TARGETED_DEVICE_FAMILY = "1,2";
				TEST_TARGET_NAME = WeatherForecast;
			};
			name = Debug;
		};
		9DE4C34F2B85F263006C186B /* Release */ = {
			isa = XCBuildConfiguration;
			buildSettings = {
				ALWAYS_EMBED_SWIFT_STANDARD_LIBRARIES = YES;
				CODE_SIGN_STYLE = Automatic;
				CURRENT_PROJECT_VERSION = 1;
				GENERATE_INFOPLIST_FILE = YES;
				MARKETING_VERSION = 1.0;
				PRODUCT_BUNDLE_IDENTIFIER = za.co.nedBank.KidsBankingModule.WeatherForecastUITests;
				PRODUCT_NAME = "$(TARGET_NAME)";
				SWIFT_EMIT_LOC_STRINGS = NO;
				SWIFT_VERSION = 5.0;
				TARGETED_DEVICE_FAMILY = "1,2";
				TEST_TARGET_NAME = WeatherForecast;
			};
			name = Release;
		};
/* End XCBuildConfiguration section */

/* Begin XCConfigurationList section */
		9DE4C3182B85F260006C186B /* Build configuration list for PBXProject "WeatherForecast" */ = {
			isa = XCConfigurationList;
			buildConfigurations = (
				9DE4C3452B85F263006C186B /* Debug */,
				9DE4C3462B85F263006C186B /* Release */,
			);
			defaultConfigurationIsVisible = 0;
			defaultConfigurationName = Release;
		};
		9DE4C3472B85F263006C186B /* Build configuration list for PBXNativeTarget "WeatherForecast" */ = {
			isa = XCConfigurationList;
			buildConfigurations = (
				9DE4C3482B85F263006C186B /* Debug */,
				9DE4C3492B85F263006C186B /* Release */,
			);
			defaultConfigurationIsVisible = 0;
			defaultConfigurationName = Release;
		};
		9DE4C34A2B85F263006C186B /* Build configuration list for PBXNativeTarget "WeatherForecastTests" */ = {
			isa = XCConfigurationList;
			buildConfigurations = (
				9DE4C34B2B85F263006C186B /* Debug */,
				9DE4C34C2B85F263006C186B /* Release */,
			);
			defaultConfigurationIsVisible = 0;
			defaultConfigurationName = Release;
		};
		9DE4C34D2B85F263006C186B /* Build configuration list for PBXNativeTarget "WeatherForecastUITests" */ = {
			isa = XCConfigurationList;
			buildConfigurations = (
				9DE4C34E2B85F263006C186B /* Debug */,
				9DE4C34F2B85F263006C186B /* Release */,
			);
			defaultConfigurationIsVisible = 0;
			defaultConfigurationName = Release;
		};
/* End XCConfigurationList section */

/* Begin XCRemoteSwiftPackageReference section */
		9DE4C3692B88856A006C186B /* XCRemoteSwiftPackageReference "ProgressHUD" */ = {
			isa = XCRemoteSwiftPackageReference;
			repositoryURL = "https://github.com/relatedcode/ProgressHUD.git";
			requirement = {
				kind = upToNextMajorVersion;
				minimumVersion = 14.1.1;
			};
		};
/* End XCRemoteSwiftPackageReference section */

/* Begin XCSwiftPackageProductDependency section */
		9DE4C36A2B88856A006C186B /* ProgressHUD */ = {
			isa = XCSwiftPackageProductDependency;
			package = 9DE4C3692B88856A006C186B /* XCRemoteSwiftPackageReference "ProgressHUD" */;
			productName = ProgressHUD;
		};
/* End XCSwiftPackageProductDependency section */
	};
	rootObject = 9DE4C3152B85F260006C186B /* Project object */;
}
